// This lockfile was autogenerated by Pants. To regenerate, run:
//
//    pants generate-lockfiles --resolve=monorepo
//
// --- BEGIN PANTS LOCKFILE METADATA: DO NOT EDIT OR REMOVE ---
// {
//   "version": 3,
//   "valid_for_interpreter_constraints": [
//     "CPython==3.10.*"
//   ],
//   "generated_with_requirements": [
//     "matplotlib",
//     "numpy",
//     "polars"
//   ],
//   "manylinux": "manylinux2014",
//   "requirement_constraints": [],
//   "only_binary": [],
//   "no_binary": []
// }
// --- END PANTS LOCKFILE METADATA ---

{
  "allow_builds": true,
  "allow_prereleases": false,
  "allow_wheels": true,
  "build_isolation": true,
  "constraints": [],
  "locked_resolves": [
    {
      "locked_requirements": [
        {
          "artifacts": [
            {
              "algorithm": "sha256",
              "hash": "53cc3a40635abedbec7f1bde60f8c189c49e84ac180c665f2cd7c162cc454baa",
              "url": "https://files.pythonhosted.org/packages/42/99/144a55b0de26710116438716e908e553eb932f927743927181d8d03441f6/contourpy-1.1.0-cp310-cp310-musllinux_1_1_x86_64.whl"
            },
            {
              "algorithm": "sha256",
              "hash": "dffcc2ddec1782dd2f2ce1ef16f070861af4fb78c69862ce0aab801495dda6a3",
              "url": "https://files.pythonhosted.org/packages/15/c4/aae3954fce0e22362cc55430d1a395bf0be5a22b40fce63edda9eb6ea339/contourpy-1.1.0-cp310-cp310-macosx_11_0_arm64.whl"
            },
            {
              "algorithm": "sha256",
              "hash": "17cfaf5ec9862bc93af1ec1f302457371c34e688fbd381f4035a06cd47324f48",
              "url": "https://files.pythonhosted.org/packages/24/4a/28c39911ae83f3fce3aab4134d29e5460209b36f36aaac9753dd994f468f/contourpy-1.1.0-cp310-cp310-manylinux_2_17_ppc64le.manylinux2014_ppc64le.whl"
            },
            {
              "algorithm": "sha256",
              "hash": "e53046c3863828d21d531cc3b53786e6580eb1ba02477e8681009b6aa0870b21",
              "url": "https://files.pythonhosted.org/packages/a7/3b/632c003e1dfbc82d32c0466762f2d2cf139d26032626dc65944e38d0e5b9/contourpy-1.1.0.tar.gz"
            },
            {
              "algorithm": "sha256",
              "hash": "90c81f22b4f572f8a2110b0b741bb64e5a6427e0a198b2cdc1fbaf85f352a3aa",
              "url": "https://files.pythonhosted.org/packages/aa/55/02c6d24804592b862b38a85c9b3283edc245081390a520ccd11697b6b24f/contourpy-1.1.0-cp310-cp310-manylinux_2_17_x86_64.manylinux2014_x86_64.whl"
            },
            {
              "algorithm": "sha256",
              "hash": "18a64814ae7bce73925131381603fff0116e2df25230dfc80d6d690aa6e20b37",
              "url": "https://files.pythonhosted.org/packages/b4/d8/c88ede6ab07b5d4a3f40a2ba663fcf619d19da7d1c5ce188f37bd4e592b6/contourpy-1.1.0-cp310-cp310-manylinux_2_17_s390x.manylinux2014_s390x.whl"
            },
            {
              "algorithm": "sha256",
              "hash": "25ae46595e22f93592d39a7eac3d638cda552c3e1160255258b695f7b58e5655",
              "url": "https://files.pythonhosted.org/packages/dd/1f/b0942d6f124da8c3e944f755b1ba536621eb38d858d1a164c3192ee2c208/contourpy-1.1.0-cp310-cp310-manylinux_2_17_aarch64.manylinux2014_aarch64.whl"
            },
            {
              "algorithm": "sha256",
              "hash": "89f06eff3ce2f4b3eb24c1055a26981bffe4e7264acd86f15b97e40530b794bc",
              "url": "https://files.pythonhosted.org/packages/f4/41/674384fc46e8a45f4e170cadd1796cf9b7266a45c57df80db4a2dda12301/contourpy-1.1.0-cp310-cp310-macosx_10_9_x86_64.whl"
            }
          ],
          "project_name": "contourpy",
          "requires_dists": [
            "Pillow; extra == \"test\"",
            "bokeh; extra == \"bokeh\"",
            "contourpy[bokeh,docs]; extra == \"mypy\"",
            "contourpy[test-no-images]; extra == \"test\"",
            "docutils-stubs; extra == \"mypy\"",
            "furo; extra == \"docs\"",
            "matplotlib; extra == \"test\"",
            "mypy==1.2.0; extra == \"mypy\"",
            "numpy>=1.16",
            "pytest-cov; extra == \"test-no-images\"",
            "pytest; extra == \"test-no-images\"",
            "selenium; extra == \"bokeh\"",
            "sphinx-copybutton; extra == \"docs\"",
            "types-Pillow; extra == \"mypy\"",
            "wurlitzer; extra == \"test-no-images\""
          ],
          "requires_python": ">=3.8",
          "version": "1.1.0"
        },
        {
          "artifacts": [
            {
              "algorithm": "sha256",
              "hash": "3a27e95f763a428a739d2add979fa7494c912a32c17c4c38c4d5f082cad165a3",
              "url": "https://files.pythonhosted.org/packages/5c/f9/695d6bedebd747e5eb0fe8fad57b72fdf25411273a39791cde838d5a8f51/cycler-0.11.0-py3-none-any.whl"
            },
            {
              "algorithm": "sha256",
              "hash": "9c87405839a19696e837b3b818fed3f5f69f16f1eec1a1ad77e043dcea9c772f",
              "url": "https://files.pythonhosted.org/packages/34/45/a7caaacbfc2fa60bee42effc4bcc7d7c6dbe9c349500e04f65a861c15eb9/cycler-0.11.0.tar.gz"
            }
          ],
          "project_name": "cycler",
          "requires_dists": [],
          "requires_python": ">=3.6",
          "version": "0.11.0"
        },
        {
          "artifacts": [
            {
              "algorithm": "sha256",
              "hash": "9398f244e28e0596e2ee6024f808b06060109e33ed38dcc9bded452fd9bbb853",
              "url": "https://files.pythonhosted.org/packages/b9/97/8fb94ba61f1a098671639f60cda3d7e3e2bf3a5ccc4fca00fcb909f0882e/fonttools-4.42.1-py3-none-any.whl"
            },
            {
              "algorithm": "sha256",
              "hash": "ed1a13a27f59d1fc1920394a7f596792e9d546c9ca5a044419dca70c37815d7c",
              "url": "https://files.pythonhosted.org/packages/21/66/bddd878452ae1e2d5f5891daa6bcce594d6b19396d33b8798e722837b222/fonttools-4.42.1-cp310-cp310-macosx_10_9_universal2.whl"
            },
            {
              "algorithm": "sha256",
              "hash": "db55cbaea02a20b49fefbd8e9d62bd481aaabe1f2301dabc575acc6b358874fa",
              "url": "https://files.pythonhosted.org/packages/2b/e8/61b8525acf26ec222518bdff127ae502bfa3408981fb5e5493f2b037d7fb/fonttools-4.42.1-cp310-cp310-manylinux_2_17_x86_64.manylinux2014_x86_64.whl"
            },
            {
              "algorithm": "sha256",
              "hash": "c391cd5af88aacaf41dd7cfb96eeedfad297b5899a39e12f4c2c3706d0a3329d",
              "url": "https://files.pythonhosted.org/packages/45/40/94a4c9b4248dd3d1aa7c17a46e4cfbe493350d0d09548141223fbed6c0fa/fonttools-4.42.1.tar.gz"
            },
            {
              "algorithm": "sha256",
              "hash": "f720fa82a11c0f9042376fd509b5ed88dab7e3cd602eee63a1af08883b37342b",
              "url": "https://files.pythonhosted.org/packages/4b/eb/aa9d6b7d90260f517c3d65f0fe3908357147bbe8074ffa44c70847b30c45/fonttools-4.42.1-cp310-cp310-manylinux_2_17_aarch64.manylinux2014_aarch64.whl"
            },
            {
              "algorithm": "sha256",
              "hash": "c9b1ce7a45978b821a06d375b83763b27a3a5e8a2e4570b3065abad240a18760",
              "url": "https://files.pythonhosted.org/packages/ad/33/b159873016ac8998d10212ef3ad9a28456452dcb9f963a21007403a0f81d/fonttools-4.42.1-cp310-cp310-macosx_10_9_x86_64.whl"
            },
            {
              "algorithm": "sha256",
              "hash": "3a35981d90feebeaef05e46e33e6b9e5b5e618504672ca9cd0ff96b171e4bfff",
              "url": "https://files.pythonhosted.org/packages/be/36/41039cada2773dfd2f8bb5f47dc72b67d0df5b053495aad20e3db6bde02f/fonttools-4.42.1-cp310-cp310-musllinux_1_1_aarch64.whl"
            },
            {
              "algorithm": "sha256",
              "hash": "68a02bbe020dc22ee0540e040117535f06df9358106d3775e8817d826047f3fd",
              "url": "https://files.pythonhosted.org/packages/f8/6d/c08a4782647ef61f7e5928d282dfb0e3849fc7ff0d1d7c4bbb9714aa5d27/fonttools-4.42.1-cp310-cp310-musllinux_1_1_x86_64.whl"
            }
          ],
          "project_name": "fonttools",
          "requires_dists": [
            "brotli>=1.0.1; platform_python_implementation == \"CPython\" and extra == \"all\"",
            "brotli>=1.0.1; platform_python_implementation == \"CPython\" and extra == \"woff\"",
            "brotlicffi>=0.8.0; platform_python_implementation != \"CPython\" and extra == \"all\"",
            "brotlicffi>=0.8.0; platform_python_implementation != \"CPython\" and extra == \"woff\"",
            "fs<3,>=2.2.0; extra == \"all\"",
            "fs<3,>=2.2.0; extra == \"ufo\"",
            "lxml<5,>=4.0; extra == \"all\"",
            "lxml<5,>=4.0; extra == \"lxml\"",
            "lz4>=1.7.4.2; extra == \"all\"",
            "lz4>=1.7.4.2; extra == \"graphite\"",
            "matplotlib; extra == \"all\"",
            "matplotlib; extra == \"plot\"",
            "munkres; platform_python_implementation == \"PyPy\" and extra == \"all\"",
            "munkres; platform_python_implementation == \"PyPy\" and extra == \"interpolatable\"",
            "scipy; platform_python_implementation != \"PyPy\" and extra == \"all\"",
            "scipy; platform_python_implementation != \"PyPy\" and extra == \"interpolatable\"",
            "skia-pathops>=0.5.0; extra == \"all\"",
            "skia-pathops>=0.5.0; extra == \"pathops\"",
            "sympy; extra == \"all\"",
            "sympy; extra == \"symfont\"",
            "uharfbuzz>=0.23.0; extra == \"all\"",
            "uharfbuzz>=0.23.0; extra == \"repacker\"",
            "unicodedata2>=15.0.0; python_version <= \"3.11\" and extra == \"all\"",
            "unicodedata2>=15.0.0; python_version <= \"3.11\" and extra == \"unicode\"",
            "xattr; sys_platform == \"darwin\" and extra == \"all\"",
            "xattr; sys_platform == \"darwin\" and extra == \"type1\"",
            "zopfli>=0.1.4; extra == \"all\"",
            "zopfli>=0.1.4; extra == \"woff\""
          ],
          "requires_python": ">=3.8",
          "version": "4.42.1"
        },
        {
          "artifacts": [
            {
              "algorithm": "sha256",
              "hash": "59edc41b24031bc25108e210c0def6f6c2191210492a972d585a06ff246bb79b",
              "url": "https://files.pythonhosted.org/packages/d4/80/c0c13d2a17a12937a19ef378bf35e94399fd171ed6ec05bcee0f038e1eaf/kiwisolver-1.4.5-cp310-cp310-musllinux_1_1_x86_64.whl"
            },
            {
              "algorithm": "sha256",
              "hash": "146d14bebb7f1dc4d5fbf74f8a6cb15ac42baadee8912eb84ac0b3b2a3dc6ac3",
              "url": "https://files.pythonhosted.org/packages/0e/c1/d084f8edb26533a191415d5173157080837341f9a06af9dd1a75f727abb4/kiwisolver-1.4.5-cp310-cp310-macosx_10_9_x86_64.whl"
            },
            {
              "algorithm": "sha256",
              "hash": "6ef7afcd2d281494c0a9101d5c571970708ad911d028137cd558f02b851c08b4",
              "url": "https://files.pythonhosted.org/packages/23/11/6fb190bae4b279d712a834e7b1da89f6dcff6791132f7399aa28a57c3565/kiwisolver-1.4.5-cp310-cp310-macosx_11_0_arm64.whl"
            },
            {
              "algorithm": "sha256",
              "hash": "852542f9481f4a62dbb5dd99e8ab7aedfeb8fb6342349a181d4036877410f525",
              "url": "https://files.pythonhosted.org/packages/40/5b/be568548266516b114d1776120281ea9236c732fb6032a1f8f3b1e5e921c/kiwisolver-1.4.5-cp310-cp310-musllinux_1_1_s390x.whl"
            },
            {
              "algorithm": "sha256",
              "hash": "39b42c68602539407884cf70d6a480a469b93b81b7701378ba5e2328660c847a",
              "url": "https://files.pythonhosted.org/packages/49/ca/61ef43bd0832c7253b370735b0c38972c140c8774889b884372a629a8189/kiwisolver-1.4.5-cp310-cp310-manylinux_2_17_aarch64.manylinux2014_aarch64.whl"
            },
            {
              "algorithm": "sha256",
              "hash": "2a40773c71d7ccdd3798f6489aaac9eee213d566850a9533f8d26332d626b82c",
              "url": "https://files.pythonhosted.org/packages/50/65/76f303377167d12eb7a9b423d6771b39fe5c4373e4a42f075805b1f581ae/kiwisolver-1.4.5-cp310-cp310-manylinux_2_17_s390x.manylinux2014_s390x.whl"
            },
            {
              "algorithm": "sha256",
              "hash": "aa12042de0171fad672b6c59df69106d20d5596e4f87b5e8f76df757a7c399aa",
              "url": "https://files.pythonhosted.org/packages/68/6f/854f6a845c00b4257482468e08d8bc386f4929ee499206142378ba234419/kiwisolver-1.4.5-cp310-cp310-manylinux_2_17_ppc64le.manylinux2014_ppc64le.whl"
            },
            {
              "algorithm": "sha256",
              "hash": "ec20916e7b4cbfb1f12380e46486ec4bcbaa91a9c448b97023fde0d5bbf9e4ff",
              "url": "https://files.pythonhosted.org/packages/6f/40/4ab1fdb57fced80ce5903f04ae1aed7c1d5939dda4fd0c0aa526c12fe28a/kiwisolver-1.4.5-cp310-cp310-manylinux_2_12_x86_64.manylinux2010_x86_64.whl"
            },
            {
              "algorithm": "sha256",
              "hash": "19df6e621f6d8b4b9c4d45f40a66839294ff2bb235e64d2178f7522d9170ac5b",
              "url": "https://files.pythonhosted.org/packages/7e/ee/98cdf9dde129551467138b6e18cc1cc901e75ecc7ffb898c6f49609f33b1/kiwisolver-1.4.5-cp310-cp310-musllinux_1_1_aarch64.whl"
            },
            {
              "algorithm": "sha256",
              "hash": "e391b1f0a8a5a10ab3b9bb6afcfd74f2175f24f8975fb87ecae700d1503cdee0",
              "url": "https://files.pythonhosted.org/packages/93/ac/39b9f99d2474b1ac7af1ddfe5756ddf9b6a8f24c5f3a32cd4c010317fc6b/kiwisolver-1.4.5-cp310-cp310-musllinux_1_1_ppc64le.whl"
            },
            {
              "algorithm": "sha256",
              "hash": "9eaa8b117dc8337728e834b9c6e2611f10c79e38f65157c4c38e9400286f5cb1",
              "url": "https://files.pythonhosted.org/packages/b3/13/5e9e52feb33e9e063f76b2c5eb09cb977f5bba622df3210081bfb26ec9a3/kiwisolver-1.4.5-cp310-cp310-manylinux_2_12_i686.manylinux2010_i686.whl"
            },
            {
              "algorithm": "sha256",
              "hash": "e57e563a57fb22a142da34f38acc2fc1a5c864bc29ca1517a88abc963e60d6ec",
              "url": "https://files.pythonhosted.org/packages/b9/2d/226779e405724344fc678fcc025b812587617ea1a48b9442628b688e85ea/kiwisolver-1.4.5.tar.gz"
            },
            {
              "algorithm": "sha256",
              "hash": "83d78376d0d4fd884e2c114d0621624b73d2aba4e2788182d286309ebdeed770",
              "url": "https://files.pythonhosted.org/packages/e6/5b/ab569016ec4abc7b496f6cb8a3ab511372c99feb6a23d948cda97e0db6da/kiwisolver-1.4.5-cp310-cp310-musllinux_1_1_i686.whl"
            },
            {
              "algorithm": "sha256",
              "hash": "05703cf211d585109fcd72207a31bb170a0f22144d68298dc5e61b3c946518af",
              "url": "https://files.pythonhosted.org/packages/f1/56/cb02dcefdaab40df636b91e703b172966b444605a0ea313549f3ffc05bd3/kiwisolver-1.4.5-cp310-cp310-macosx_10_9_universal2.whl"
            }
          ],
          "project_name": "kiwisolver",
          "requires_dists": [
            "typing-extensions; python_version < \"3.8\""
          ],
          "requires_python": ">=3.7",
          "version": "1.4.5"
        },
        {
          "artifacts": [
            {
              "algorithm": "sha256",
              "hash": "070f8dddd1f5939e60aacb8fa08f19551f4b0140fab16a3669d5cd6e9cb28fc8",
              "url": "https://files.pythonhosted.org/packages/c2/da/a5622266952ab05dc3995d77689cba600e49ea9d6c51d469c077695cb719/matplotlib-3.7.2-cp310-cp310-manylinux_2_17_x86_64.manylinux2014_x86_64.whl"
            },
            {
              "algorithm": "sha256",
              "hash": "a8035ba590658bae7562786c9cc6ea1a84aa49d3afab157e414c9e2ea74f496d",
              "url": "https://files.pythonhosted.org/packages/54/6d/78dd357b35a9c94a56c51a34c123460313e3bdf2e454ce4274ac67b9a5e0/matplotlib-3.7.2-cp310-cp310-macosx_10_12_x86_64.whl"
            },
            {
              "algorithm": "sha256",
              "hash": "71667eb2ccca4c3537d9414b1bc00554cb7f91527c17ee4ec38027201f8f1603",
              "url": "https://files.pythonhosted.org/packages/64/e1/e7ee2ac522b66aed3022da0ab33b90e7d7f58aa17adbfaf123247598a0af/matplotlib-3.7.2-cp310-cp310-manylinux_2_17_aarch64.manylinux2014_aarch64.whl"
            },
            {
              "algorithm": "sha256",
              "hash": "2699f7e73a76d4c110f4f25be9d2496d6ab4f17345307738557d345f099e07de",
              "url": "https://files.pythonhosted.org/packages/72/7d/2ad1b94106f8b1971d1eff0ebb97a81d980c448732a3e624bba281bd274d/matplotlib-3.7.2-cp310-cp310-macosx_10_12_universal2.whl"
            },
            {
              "algorithm": "sha256",
              "hash": "152ee0b569a37630d8628534c628456b28686e085d51394da6b71ef84c4da201",
              "url": "https://files.pythonhosted.org/packages/88/a1/87831b97514680828bfbac6054c38bda114ef8acd58150309467e9190cb7/matplotlib-3.7.2-cp310-cp310-manylinux_2_17_i686.manylinux2014_i686.whl"
            },
            {
              "algorithm": "sha256",
              "hash": "2f8e4a49493add46ad4a8c92f63e19d548b2b6ebbed75c6b4c7f46f57d36cdd1",
              "url": "https://files.pythonhosted.org/packages/8d/22/719f4fff33b13b0708711fb52ca3fc44617a26728e0e023358288d5197ae/matplotlib-3.7.2-cp310-cp310-macosx_11_0_arm64.whl"
            },
            {
              "algorithm": "sha256",
              "hash": "a8cdb91dddb04436bd2f098b8fdf4b81352e68cf4d2c6756fcc414791076569b",
              "url": "https://files.pythonhosted.org/packages/e5/59/b859fa2539b4121b016ea85758188203522fc12b0711de8b247cfec3cdac/matplotlib-3.7.2.tar.gz"
            }
          ],
          "project_name": "matplotlib",
          "requires_dists": [
            "contourpy>=1.0.1",
            "cycler>=0.10",
            "fonttools>=4.22.0",
            "importlib-resources>=3.2.0; python_version < \"3.10\"",
            "kiwisolver>=1.0.1",
            "numpy>=1.20",
            "packaging>=20.0",
            "pillow>=6.2.0",
            "pyparsing<3.1,>=2.3.1",
            "python-dateutil>=2.7"
          ],
          "requires_python": ">=3.8",
          "version": "3.7.2"
        },
        {
          "artifacts": [
            {
              "algorithm": "sha256",
              "hash": "bec1e7213c7cb00d67093247f8c4db156fd03075f49876957dca4711306d39c9",
              "url": "https://files.pythonhosted.org/packages/73/6f/2a0d0ad31a588d303178d494787f921c246c6234eccced236866bc1beaa5/numpy-1.25.2-cp310-cp310-musllinux_1_1_x86_64.whl"
            },
            {
              "algorithm": "sha256",
              "hash": "f08f2e037bba04e707eebf4bc934f1972a315c883a9e0ebfa8a7756eabf9e357",
              "url": "https://files.pythonhosted.org/packages/71/3c/3b1981c6a1986adc9ee7db760c0c34ea5b14ac3da9ecfcf1ea2a4ec6c398/numpy-1.25.2-cp310-cp310-manylinux_2_17_x86_64.manylinux2014_x86_64.whl"
            },
            {
              "algorithm": "sha256",
              "hash": "fd608e19c8d7c55021dffd43bfe5492fab8cc105cc8986f813f8c3c048b38760",
              "url": "https://files.pythonhosted.org/packages/a0/41/8f53eff8e969dd8576ddfb45e7ed315407d27c7518ae49418be8ed532b07/numpy-1.25.2.tar.gz"
            },
            {
              "algorithm": "sha256",
              "hash": "dfe4a913e29b418d096e696ddd422d8a5d13ffba4ea91f9f60440a3b759b0187",
              "url": "https://files.pythonhosted.org/packages/b1/39/3f88e2bfac1fb510c112dc0c78a1e7cad8f3a2d75e714d1484a044c56682/numpy-1.25.2-cp310-cp310-manylinux_2_17_aarch64.manylinux2014_aarch64.whl"
            },
            {
              "algorithm": "sha256",
              "hash": "90319e4f002795ccfc9050110bbbaa16c944b1c37c0baeea43c5fb881693ae1f",
              "url": "https://files.pythonhosted.org/packages/c3/ea/1d95b399078ecaa7b5d791e1fdbb3aee272077d9fd5fb499593c87dec5ea/numpy-1.25.2-cp310-cp310-macosx_11_0_arm64.whl"
            },
            {
              "algorithm": "sha256",
              "hash": "db3ccc4e37a6873045580d413fe79b68e47a681af8db2e046f1dacfa11f86eb3",
              "url": "https://files.pythonhosted.org/packages/d5/50/8aedb5ff1460e7c8527af15c6326115009e7c270ec705487155b779ebabb/numpy-1.25.2-cp310-cp310-macosx_10_9_x86_64.whl"
            }
          ],
          "project_name": "numpy",
          "requires_dists": [],
          "requires_python": ">=3.9",
          "version": "1.25.2"
        },
        {
          "artifacts": [
            {
              "algorithm": "sha256",
              "hash": "994793af429502c4ea2ebf6bf664629d07c1a9fe974af92966e4b8d2df7edc61",
              "url": "https://files.pythonhosted.org/packages/ab/c3/57f0601a2d4fe15de7a553c00adbc901425661bf048f2a22dfc500caf121/packaging-23.1-py3-none-any.whl"
            },
            {
              "algorithm": "sha256",
              "hash": "a392980d2b6cffa644431898be54b0045151319d1e7ec34f0cfed48767dd334f",
              "url": "https://files.pythonhosted.org/packages/b9/6c/7c6658d258d7971c5eb0d9b69fa9265879ec9a9158031206d47800ae2213/packaging-23.1.tar.gz"
            }
          ],
          "project_name": "packaging",
          "requires_dists": [],
          "requires_python": ">=3.7",
          "version": "23.1"
        },
        {
          "artifacts": [
            {
              "algorithm": "sha256",
              "hash": "38250a349b6b390ee6047a62c086d3817ac69022c127f8a5dc058c31ccef17f3",
              "url": "https://files.pythonhosted.org/packages/12/2e/7f20311309d03ccfefc3df6c00524d996d15a18319b46953ac8ee158b5a9/Pillow-10.0.0-pp310-pypy310_pp73-manylinux_2_28_x86_64.whl"
            },
            {
              "algorithm": "sha256",
              "hash": "9c82b5b3e043c7af0d95792d0d20ccf68f61a1fec6b3530e718b688422727396",
              "url": "https://files.pythonhosted.org/packages/0f/8b/2ebaf9adcf4260c00f842154865f8730cf745906aa5dd499141fb6063e26/Pillow-10.0.0.tar.gz"
            },
            {
              "algorithm": "sha256",
              "hash": "edf4392b77bdc81f36e92d3a07a5cd072f90253197f4a52a55a8cec48a12483b",
              "url": "https://files.pythonhosted.org/packages/23/08/bbd0a562bafe23b4c36d25072c89b8c31815f350a169016ede2644784ed6/Pillow-10.0.0-cp310-cp310-manylinux_2_17_aarch64.manylinux2014_aarch64.whl"
            },
            {
              "algorithm": "sha256",
              "hash": "a74ba0c356aaa3bb8e3eb79606a87669e7ec6444be352870623025d75a14a2bf",
              "url": "https://files.pythonhosted.org/packages/3d/36/e78f09d510354977e10102dd811e928666021d9c451e05df962d56477772/Pillow-10.0.0-cp310-cp310-manylinux_2_28_x86_64.whl"
            },
            {
              "algorithm": "sha256",
              "hash": "22c10cc517668d44b211717fd9775799ccec4124b9a7f7b3635fc5386e584992",
              "url": "https://files.pythonhosted.org/packages/60/34/c90bacb4a72ead5c78e4d8291e0d3bb88cc3def3c76f059e9a8502fc421e/Pillow-10.0.0-cp310-cp310-musllinux_1_1_x86_64.whl"
            },
            {
              "algorithm": "sha256",
              "hash": "1f62406a884ae75fb2f818694469519fb685cc7eaff05d3451a9ebe55c646891",
              "url": "https://files.pythonhosted.org/packages/73/26/75fd7c1adc40bbdcbebc1adc120388d581e1d98a106257369a9bf8c44865/Pillow-10.0.0-cp310-cp310-macosx_10_10_x86_64.whl"
            },
            {
              "algorithm": "sha256",
              "hash": "92be919bbc9f7d09f7ae343c38f5bb21c973d2576c1d45600fce4b74bafa7ac0",
              "url": "https://files.pythonhosted.org/packages/78/b9/e5bc84e6ed714c7f0ec0dfe3f82c050c16126294e3d078fe155f10bd5971/Pillow-10.0.0-pp310-pypy310_pp73-macosx_10_10_x86_64.whl"
            },
            {
              "algorithm": "sha256",
              "hash": "520f2a520dc040512699f20fa1c363eed506e94248d71f85412b625026f6142c",
              "url": "https://files.pythonhosted.org/packages/7b/c9/08de9a629ce7cdeaea0ddca716e9efcd1844b2650f5b9dd8ec5609e40ffe/Pillow-10.0.0-cp310-cp310-manylinux_2_17_x86_64.manylinux2014_x86_64.whl"
            },
            {
              "algorithm": "sha256",
              "hash": "8c11160913e3dd06c8ffdb5f233a4f254cb449f4dfc0f8f4549eda9e542c93d1",
              "url": "https://files.pythonhosted.org/packages/ac/0c/7eeab446ab3acfb1ef0150308b663fa6f886d02f1d0fe66e7f67ffd6a844/Pillow-10.0.0-cp310-cp310-manylinux_2_28_aarch64.whl"
            },
            {
              "algorithm": "sha256",
              "hash": "8f8182b523b2289f7c415f589118228d30ac8c355baa2f3194ced084dac2dbba",
              "url": "https://files.pythonhosted.org/packages/ef/0f/eea2ed37a53e816c8ed392a031468498687585c8d62ca89deeb687c0e89c/Pillow-10.0.0-pp310-pypy310_pp73-manylinux_2_17_x86_64.manylinux2014_x86_64.whl"
            },
            {
              "algorithm": "sha256",
              "hash": "d5db32e2a6ccbb3d34d87c87b432959e0db29755727afb37290e10f6e8e62614",
              "url": "https://files.pythonhosted.org/packages/ef/53/024e161112beb11008d6c7529c954e2ec641ae17b99e03fe9a539e114ae6/Pillow-10.0.0-cp310-cp310-macosx_11_0_arm64.whl"
            },
            {
              "algorithm": "sha256",
              "hash": "d5d0dae4cfd56969d23d94dc8e89fb6a217be461c69090768227beb8ed28c0a3",
              "url": "https://files.pythonhosted.org/packages/f8/31/4cb552d54380f1d55a7c24db1c6fb8bb2370f57fc2fe31e11c1eb5f7e499/Pillow-10.0.0-cp310-cp310-musllinux_1_1_aarch64.whl"
            }
          ],
          "project_name": "pillow",
          "requires_dists": [
            "check-manifest; extra == \"tests\"",
            "coverage; extra == \"tests\"",
            "defusedxml; extra == \"tests\"",
            "furo; extra == \"docs\"",
            "markdown2; extra == \"tests\"",
            "olefile; extra == \"docs\"",
            "olefile; extra == \"tests\"",
            "packaging; extra == \"tests\"",
            "pyroma; extra == \"tests\"",
            "pytest-cov; extra == \"tests\"",
            "pytest-timeout; extra == \"tests\"",
            "pytest; extra == \"tests\"",
            "sphinx-copybutton; extra == \"docs\"",
            "sphinx-inline-tabs; extra == \"docs\"",
            "sphinx-removed-in; extra == \"docs\"",
            "sphinx>=2.4; extra == \"docs\"",
            "sphinxext-opengraph; extra == \"docs\""
          ],
          "requires_python": ">=3.8",
          "version": "10.0.0"
        },
        {
          "artifacts": [
            {
              "algorithm": "sha256",
              "hash": "cd913889810f7f1d2b5f9849b7509f95e63383e75d04fca6512ad8bd04880856",
              "url": "https://files.pythonhosted.org/packages/c4/f8/0e994906e613f71461a9e85f77c20417dd14dae9e8fed677385627edae5f/polars-0.19.2-cp38-abi3-manylinux_2_17_x86_64.manylinux2014_x86_64.whl"
            },
            {
              "algorithm": "sha256",
              "hash": "8b16bc14be88f0f0fd7e038fae8fb18fc077783722d1170268624750fc76b56a",
              "url": "https://files.pythonhosted.org/packages/12/11/ef0fede290f29e41b711bd4454eefe34abb41243dd879fcbf03435db1ada/polars-0.19.2-cp38-abi3-macosx_11_0_arm64.whl"
            },
            {
              "algorithm": "sha256",
              "hash": "a49aa12cb6559329e0d239acde98f91542e28118ff5fe7976f789d2c243d2958",
              "url": "https://files.pythonhosted.org/packages/24/b4/d231d5a79a15ad9a372e04ba1c80839f7f37b8b0b597914d2bda7849b4eb/polars-0.19.2-cp38-abi3-macosx_10_7_x86_64.whl"
            },
            {
              "algorithm": "sha256",
              "hash": "fd2382b587b8d6c8b30213ae9ead77d924f30ebc6fae488f42f49fa24a884f8c",
              "url": "https://files.pythonhosted.org/packages/6c/dc/71eee7455b9424629d4bde599598674d45de1c3d429b8d568bd507b3580e/polars-0.19.2-cp38-abi3-manylinux_2_17_aarch64.manylinux2014_aarch64.whl"
            },
            {
              "algorithm": "sha256",
              "hash": "04e0e51374d5934ab77ad435a2e8d78ca964ee79625c743cae50b7d9b8716423",
              "url": "https://files.pythonhosted.org/packages/e5/a1/88ae4bf05e261fba9d5feb5ee3e15e8ecc620b75c147a36d39c2db830eee/polars-0.19.2.tar.gz"
            }
          ],
          "project_name": "polars",
          "requires_dists": [
            "adbc_driver_sqlite; extra == \"adbc\"",
            "backports.zoneinfo; python_version < \"3.9\" and extra == \"timezone\"",
            "cloudpickle; extra == \"cloudpickle\"",
            "connectorx; extra == \"connectorx\"",
            "deltalake>=0.10.0; extra == \"deltalake\"",
            "fsspec; extra == \"fsspec\"",
            "matplotlib; extra == \"matplotlib\"",
            "numpy>=1.16.0; extra == \"numpy\"",
            "pandas; extra == \"pandas\"",
            "pandas; extra == \"sqlalchemy\"",
            "polars[adbc,cloudpickle,connectorx,deltalake,fsspec,matplotlib,numpy,pandas,pyarrow,pydantic,sqlalchemy,timezone,xlsx2csv,xlsxwriter]; extra == \"all\"",
            "pyarrow>=7.0.0; extra == \"pandas\"",
            "pyarrow>=7.0.0; extra == \"pyarrow\"",
            "pydantic>=2.0.0; extra == \"pydantic\"",
            "sqlalchemy; extra == \"sqlalchemy\"",
            "tzdata; platform_system == \"Windows\" and extra == \"timezone\"",
            "xlsx2csv>=0.8.0; extra == \"xlsx2csv\"",
            "xlsxwriter; extra == \"xlsxwriter\""
          ],
          "requires_python": ">=3.8",
          "version": "0.19.2"
        },
        {
          "artifacts": [
            {
              "algorithm": "sha256",
              "hash": "5026bae9a10eeaefb61dab2f09052b9f4307d44aee4eda64b309723d8d206bbc",
              "url": "https://files.pythonhosted.org/packages/6c/10/a7d0fa5baea8fe7b50f448ab742f26f52b80bfca85ac2be9d35cdd9a3246/pyparsing-3.0.9-py3-none-any.whl"
            },
            {
              "algorithm": "sha256",
              "hash": "2b020ecf7d21b687f219b71ecad3631f644a47f01403fa1d1036b0c6416d70fb",
              "url": "https://files.pythonhosted.org/packages/71/22/207523d16464c40a0310d2d4d8926daffa00ac1f5b1576170a32db749636/pyparsing-3.0.9.tar.gz"
            }
          ],
          "project_name": "pyparsing",
          "requires_dists": [
            "jinja2; extra == \"diagrams\"",
            "railroad-diagrams; extra == \"diagrams\""
          ],
          "requires_python": ">=3.6.8",
          "version": "3.0.9"
        },
        {
          "artifacts": [
            {
              "algorithm": "sha256",
              "hash": "961d03dc3453ebbc59dbdea9e4e11c5651520a876d0f4db161e8674aae935da9",
              "url": "https://files.pythonhosted.org/packages/36/7a/87837f39d0296e723bb9b62bbb257d0355c7f6128853c78955f57342a56d/python_dateutil-2.8.2-py2.py3-none-any.whl"
            },
            {
              "algorithm": "sha256",
              "hash": "0123cacc1627ae19ddf3c27a5de5bd67ee4586fbdd6440d9748f8abb483d3e86",
              "url": "https://files.pythonhosted.org/packages/4c/c4/13b4776ea2d76c115c1d1b84579f3764ee6d57204f6be27119f13a61d0a9/python-dateutil-2.8.2.tar.gz"
            }
          ],
          "project_name": "python-dateutil",
          "requires_dists": [
            "six>=1.5"
          ],
          "requires_python": "!=3.0.*,!=3.1.*,!=3.2.*,>=2.7",
          "version": "2.8.2"
        },
        {
          "artifacts": [
            {
              "algorithm": "sha256",
              "hash": "8abb2f1d86890a2dfb989f9a77cfcfd3e47c2a354b01111771326f8aa26e0254",
              "url": "https://files.pythonhosted.org/packages/d9/5a/e7c31adbe875f2abbb91bd84cf2dc52d792b5a01506781dbcf25c91daf11/six-1.16.0-py2.py3-none-any.whl"
            },
            {
              "algorithm": "sha256",
              "hash": "1e61c37477a1626458e36f7b1d82aa5c9b094fa4802892072e49de9c60c4c926",
              "url": "https://files.pythonhosted.org/packages/71/39/171f1c67cd00715f190ba0b100d606d440a28c93c7714febeca8b79af85e/six-1.16.0.tar.gz"
            }
          ],
          "project_name": "six",
          "requires_dists": [],
          "requires_python": "!=3.0.*,!=3.1.*,!=3.2.*,>=2.7",
          "version": "1.16.0"
        }
      ],
      "platform_tag": null
    }
  ],
  "path_mappings": {},
  "pex_version": "2.1.137",
  "pip_version": "23.1.2",
  "prefer_older_binary": false,
  "requirements": [
    "matplotlib",
    "numpy",
    "polars"
  ],
  "requires_python": [
    "==3.10.*"
  ],
  "resolver_version": "pip-2020-resolver",
  "style": "universal",
  "target_systems": [
    "linux",
    "mac"
  ],
  "transitive": true,
  "use_pep517": null
}
